{
  "nodes": {
    "brew-src": {
      "flake": false,
      "locked": {
        "lastModified": 1778632416,
        "narHash": "sha256-r4MrdcnFqOQjFcL+Is1lbZXiKFPMq1oY0FsWl75272A=",
        "owner": "Homebrew",
        "repo": "brew",
        "rev": "e7b7e19556cc6714cc2feb472c21fde63d8e2a16",
        "type": "github"
      },
      "original": {
        "owner": "Homebrew",
        "repo": "brew",
        "type": "github"
      }
    },
    "home-manager": {
      "inputs": {
        "nixpkgs": [
          "nixpkgs"
        ]
      },
      "locked": {
        "lastModified": 1778628724,
        "narHash": "sha256-VNG6hJ146VEenXcDrB3t6MVnrMx+gtyCWTCDkzOp9Qs=",
        "owner": "nix-community",
        "repo": "home-manager",
        "rev": "6a0bbd6b4720da1c9ce7ebf35ff5c41a82db367a",
        "type": "github"
      },
      "original": {
        "owner": "nix-community",
        "repo": "home-manager",
        "type": "github"
      }
    },
    "nil": {
      "inputs": {
        "nixpkgs": "nixpkgs"
      },
      "locked": {
        "lastModified": 1765326831,
        "narHash": "sha256-18j8X2Nbe0Wg1+7YrWRlYzmjZ5Wq0NCVwJHJlBIw/dc=",
        "owner": "oxalica",
        "repo": "nil",
        "rev": "504599f7e555a249d6754698473124018b80d121",
        "type": "github"
      },
      "original": {
        "owner": "oxalica",
        "repo": "nil",
        "type": "github"
      }
    },
    "nix-darwin": {
      "inputs": {
        "nixpkgs": [
          "nixpkgs"
        ]
      },
      "locked": {
        "lastModified": 1777780666,
        "narHash": "sha256-8wURyQMdDkGUarSTKOGdCuFfYiwa3HbzwscUfn3STDE=",
        "owner": "LnL7",
        "repo": "nix-darwin",
        "rev": "8c62fba0854ba15c8917aed18894dbccb48a3777",
        "type": "github"
      },
      "original": {
        "owner": "LnL7",
        "repo": "nix-darwin",
        "type": "github"
      }
    },
    "nix-homebrew": {
      "inputs": {
        "brew-src": [
          "brew-src"
        ]
      },
      "locked": {
        "lastModified": 1778332591,
        "narHash": "sha256-ctJ3ADtugrnbMfMBobA645gCqXVIyHnsCNMkVaIuSiM=",
        "owner": "zhaofengli-wip",
        "repo": "nix-homebrew",
        "rev": "7d0038b5bb60568ec41f5f4ef5067cd221ca7c0d",
        "type": "github"
      },
      "original": {
        "owner": "zhaofengli-wip",
        "repo": "nix-homebrew",
        "type": "github"
      }
    },
    "nixpkgs": {
      "locked": {
        "lastModified": 1749619289,
        "narHash": "sha256-qX6gXVjaCXXbcn6A9eSLUf8Fm07MgPGe5ir3++y2O1Q=",
        "owner": "NixOS",
        "repo": "nixpkgs",
        "rev": "f72be405a10668b8b00937b452f2145244103ebc",
        "type": "github"
      },
      "original": {
        "owner": "NixOS",
        "ref": "nixpkgs-unstable",
        "repo": "nixpkgs",
        "type": "github"
      }
    },
    "nixpkgs_2": {
      "locked": {
        "lastModified": 1778580735,
        "narHash": "sha256-t+8AVV8ExvOmslz2sLIgw/hJBKlyl65rJvxjvvjHgpE=",
        "owner": "NixOS",
        "repo": "nixpkgs",
        "rev": "48d91f2c0ce7b9e589f967d4f685153dd765dcdd",
        "type": "github"
      },
      "original": {
        "owner": "NixOS",
        "ref": "nixpkgs-unstable",
        "repo": "nixpkgs",
        "type": "github"
      }
    },
    "root": {
      "inputs": {
        "brew-src": "brew-src",
        "home-manager": "home-manager",
        "nil": "nil",
        "nix-darwin": "nix-darwin",
        "nix-homebrew": "nix-homebrew",
        "nixpkgs": "nixpkgs_2"
      }
    }
  },
  "root": "root",
  "version": 7
}
